
Microsoft Visual Studio Solution File, Format Version 12.00
# Visual Studio 15
Project("{FAE04EC0-301F-11D3-BF4B-00C04F79EFBC}") = "Assembly-CSharp", "Assembly-CSharp.csproj", "{5D140478-0F28-07E4-C8A7-2F745EC759D7}"
EndProject
Project("{FAE04EC0-301F-11D3-BF4B-00C04F79EFBC}") = "Assembly-CSharp-Editor", "Assembly-CSharp-Editor.csproj", "{9945DF5E-4CD5-0814-574B-3057E8DF2B94}"
EndProject
Global
	GlobalSection(SolutionConfigurationPlatforms) = preSolution
		Debug|Any CPU = Debug|Any CPU
		Release|Any CPU = Release|Any CPU
	EndGlobalSection
	GlobalSection(ProjectConfigurationPlatforms) = postSolution
		{5D140478-0F28-07E4-C8A7-2F745EC759D7}.Debug|Any CPU.ActiveCfg = Debug|Any CPU
		{5D140478-0F28-07E4-C8A7-2F745EC759D7}.Debug|Any CPU.Build.0 = Debug|Any CPU
		{5D140478-0F28-07E4-C8A7-2F745EC759D7}.Release|Any CPU.ActiveCfg = Release|Any CPU
		{5D140478-0F28-07E4-C8A7-2F745EC759D7}.Release|Any CPU.Build.0 = Release|Any CPU
		{9945DF5E-4CD5-0814-574B-3057E8DF2B94}.Debug|Any CPU.ActiveCfg = Debug|Any CPU
		{9945DF5E-4CD5-0814-574B-3057E8DF2B94}.Debug|Any CPU.Build.0 = Debug|Any CPU
		{9945DF5E-4CD5-0814-574B-3057E8DF2B94}.Release|Any CPU.ActiveCfg = Release|Any CPU
		{9945DF5E-4CD5-0814-574B-3057E8DF2B94}.Release|Any CPU.Build.0 = Release|Any CPU
	EndGlobalSection
	GlobalSection(SolutionProperties) = preSolution
		HideSolutionNode = FALSE
	EndGlobalSection
EndGlobal
